// !$*UTF8*$!
{
	archiveVersion = 1;
	classes = {
	};
	objectVersion = 56;
	objects = {

/* Begin PBXBuildFile section */
		CB2AE69B2A2BDE9F00D409AB /* FInal_ProjectApp.swift in Sources */ = {isa = PBXBuildFile; fileRef = CB2AE69A2A2BDE9F00D409AB /* FInal_ProjectApp.swift */; };
		CB2AE69D2A2BDE9F00D409AB /* ContentView.swift in Sources */ = {isa = PBXBuildFile; fileRef = CB2AE69C2A2BDE9F00D409AB /* ContentView.swift */; };
		CB2AE69F2A2BDEA200D409AB /* Assets.xcassets in Resources */ = {isa = PBXBuildFile; fileRef = CB2AE69E2A2BDEA200D409AB /* Assets.xcassets */; };
		CB2AE6A22A2BDEA200D409AB /* Preview Assets.xcassets in Resources */ = {isa = PBXBuildFile; fileRef = CB2AE6A12A2BDEA200D409AB /* Preview Assets.xcassets */; };
		CB2AE6AB2A2BEC6500D409AB /* Genre.swift in Sources */ = {isa = PBXBuildFile; fileRef = CB2AE6AA2A2BEC6500D409AB /* Genre.swift */; };
		CB2AE6AD2A2BEC7200D409AB /* Identity.swift in Sources */ = {isa = PBXBuildFile; fileRef = CB2AE6AC2A2BEC7200D409AB /* Identity.swift */; };
		CB2AE6B12A2BEC9400D409AB /* Resources.swift in Sources */ = {isa = PBXBuildFile; fileRef = CB2AE6B02A2BEC9400D409AB /* Resources.swift */; };
		CB2AE6B32A2BF03000D409AB /* RealisticFiction.swift in Sources */ = {isa = PBXBuildFile; fileRef = CB2AE6B22A2BF03000D409AB /* RealisticFiction.swift */; };
		CB2AE6B52A2BF0DC00D409AB /* Fantasy.swift in Sources */ = {isa = PBXBuildFile; fileRef = CB2AE6B42A2BF0DC00D409AB /* Fantasy.swift */; };
		CB2AE6B72A2BF0F000D409AB /* Nonfiction.swift in Sources */ = {isa = PBXBuildFile; fileRef = CB2AE6B62A2BF0F000D409AB /* Nonfiction.swift */; };
		CB2AE6BB2A2BF11000D409AB /* GraphicNovels.swift in Sources */ = {isa = PBXBuildFile; fileRef = CB2AE6BA2A2BF11000D409AB /* GraphicNovels.swift */; };
		CB2AE6BD2A2BF12500D409AB /* HistoricalFiction.swift in Sources */ = {isa = PBXBuildFile; fileRef = CB2AE6BC2A2BF12500D409AB /* HistoricalFiction.swift */; };
		CB2AE6BF2A2BF13100D409AB /* Poetry.swift in Sources */ = {isa = PBXBuildFile; fileRef = CB2AE6BE2A2BF13100D409AB /* Poetry.swift */; };
		CB2AE6C52A2C299900D409AB /* RandomBook.swift in Sources */ = {isa = PBXBuildFile; fileRef = CB2AE6C42A2C299900D409AB /* RandomBook.swift */; };
		CB2AE6C72A2CE13900D409AB /* Black.swift in Sources */ = {isa = PBXBuildFile; fileRef = CB2AE6C62A2CE13900D409AB /* Black.swift */; };
		CB2AE6C92A2CE14400D409AB /* AAPI.swift in Sources */ = {isa = PBXBuildFile; fileRef = CB2AE6C82A2CE14400D409AB /* AAPI.swift */; };
		CB2AE6CB2A2CE14F00D409AB /* LGBTQ.swift in Sources */ = {isa = PBXBuildFile; fileRef = CB2AE6CA2A2CE14F00D409AB /* LGBTQ.swift */; };
		CB2AE6CD2A2CE15C00D409AB /* Latinx.swift in Sources */ = {isa = PBXBuildFile; fileRef = CB2AE6CC2A2CE15C00D409AB /* Latinx.swift */; };
		CB2AE6CF2A2CE16C00D409AB /* Indigenous.swift in Sources */ = {isa = PBXBuildFile; fileRef = CB2AE6CE2A2CE16C00D409AB /* Indigenous.swift */; };
/* End PBXBuildFile section */

/* Begin PBXFileReference section */
		CB2AE6972A2BDE9F00D409AB /* FInal Project.app */ = {isa = PBXFileReference; explicitFileType = wrapper.application; includeInIndex = 0; path = "FInal Project.app"; sourceTree = BUILT_PRODUCTS_DIR; };
		CB2AE69A2A2BDE9F00D409AB /* FInal_ProjectApp.swift */ = {isa = PBXFileReference; lastKnownFileType = sourcecode.swift; path = FInal_ProjectApp.swift; sourceTree = "<group>"; };
		CB2AE69C2A2BDE9F00D409AB /* ContentView.swift */ = {isa = PBXFileReference; lastKnownFileType = sourcecode.swift; path = ContentView.swift; sourceTree = "<group>"; };
		CB2AE69E2A2BDEA200D409AB /* Assets.xcassets */ = {isa = PBXFileReference; lastKnownFileType = folder.assetcatalog; path = Assets.xcassets; sourceTree = "<group>"; };
		CB2AE6A12A2BDEA200D409AB /* Preview Assets.xcassets */ = {isa = PBXFileReference; lastKnownFileType = folder.assetcatalog; path = "Preview Assets.xcassets"; sourceTree = "<group>"; };
		CB2AE6AA2A2BEC6500D409AB /* Genre.swift */ = {isa = PBXFileReference; lastKnownFileType = sourcecode.swift; path = Genre.swift; sourceTree = "<group>"; };
		CB2AE6AC2A2BEC7200D409AB /* Identity.swift */ = {isa = PBXFileReference; lastKnownFileType = sourcecode.swift; path = Identity.swift; sourceTree = "<group>"; };
		CB2AE6B02A2BEC9400D409AB /* Resources.swift */ = {isa = PBXFileReference; lastKnownFileType = sourcecode.swift; path = Resources.swift; sourceTree = "<group>"; };
		CB2AE6B22A2BF03000D409AB /* RealisticFiction.swift */ = {isa = PBXFileReference; lastKnownFileType = sourcecode.swift; path = RealisticFiction.swift; sourceTree = "<group>"; };
		CB2AE6B42A2BF0DC00D409AB /* Fantasy.swift */ = {isa = PBXFileReference; lastKnownFileType = sourcecode.swift; path = Fantasy.swift; sourceTree = "<group>"; };
		CB2AE6B62A2BF0F000D409AB /* Nonfiction.swift */ = {isa = PBXFileReference; lastKnownFileType = sourcecode.swift; path = Nonfiction.swift; sourceTree = "<group>"; };
		CB2AE6BA2A2BF11000D409AB /* GraphicNovels.swift */ = {isa = PBXFileReference; lastKnownFileType = sourcecode.swift; path = GraphicNovels.swift; sourceTree = "<group>"; };
		CB2AE6BC2A2BF12500D409AB /* HistoricalFiction.swift */ = {isa = PBXFileReference; lastKnownFileType = sourcecode.swift; path = HistoricalFiction.swift; sourceTree = "<group>"; };
		CB2AE6BE2A2BF13100D409AB /* Poetry.swift */ = {isa = PBXFileReference; lastKnownFileType = sourcecode.swift; path = Poetry.swift; sourceTree = "<group>"; };
		CB2AE6C42A2C299900D409AB /* RandomBook.swift */ = {isa = PBXFileReference; lastKnownFileType = sourcecode.swift; path = RandomBook.swift; sourceTree = "<group>"; };
		CB2AE6C62A2CE13900D409AB /* Black.swift */ = {isa = PBXFileReference; lastKnownFileType = sourcecode.swift; path = Black.swift; sourceTree = "<group>"; };
		CB2AE6C82A2CE14400D409AB /* AAPI.swift */ = {isa = PBXFileReference; lastKnownFileType = sourcecode.swift; path = AAPI.swift; sourceTree = "<group>"; };
		CB2AE6CA2A2CE14F00D409AB /* LGBTQ.swift */ = {isa = PBXFileReference; lastKnownFileType = sourcecode.swift; path = LGBTQ.swift; sourceTree = "<group>"; };
		CB2AE6CC2A2CE15C00D409AB /* Latinx.swift */ = {isa = PBXFileReference; lastKnownFileType = sourcecode.swift; path = Latinx.swift; sourceTree = "<group>"; };
		CB2AE6CE2A2CE16C00D409AB /* Indigenous.swift */ = {isa = PBXFileReference; lastKnownFileType = sourcecode.swift; path = Indigenous.swift; sourceTree = "<group>"; };
/* End PBXFileReference section */

/* Begin PBXFrameworksBuildPhase section */
		CB2AE6942A2BDE9F00D409AB /* Frameworks */ = {
			isa = PBXFrameworksBuildPhase;
			buildActionMask = 2147483647;
			files = (
			);
			runOnlyForDeploymentPostprocessing = 0;
		};
/* End PBXFrameworksBuildPhase section */

/* Begin PBXGroup section */
		CB2AE68E2A2BDE9F00D409AB = {
			isa = PBXGroup;
			children = (
				CB2AE6992A2BDE9F00D409AB /* FInal Project */,
				CB2AE6982A2BDE9F00D409AB /* Products */,
			);
			sourceTree = "<group>";
		};
		CB2AE6982A2BDE9F00D409AB /* Products */ = {
			isa = PBXGroup;
			children = (
				CB2AE6972A2BDE9F00D409AB /* FInal Project.app */,
			);
			name = Products;
			sourceTree = "<group>";
		};
		CB2AE6992A2BDE9F00D409AB /* FInal Project */ = {
			isa = PBXGroup;
			children = (
				CB2AE69A2A2BDE9F00D409AB /* FInal_ProjectApp.swift */,
				CB2AE69C2A2BDE9F00D409AB /* ContentView.swift */,
				CB2AE6AA2A2BEC6500D409AB /* Genre.swift */,
				CB2AE6B62A2BF0F000D409AB /* Nonfiction.swift */,
				CB2AE6BC2A2BF12500D409AB /* HistoricalFiction.swift */,
				CB2AE6BE2A2BF13100D409AB /* Poetry.swift */,
				CB2AE6BA2A2BF11000D409AB /* GraphicNovels.swift */,
				CB2AE6B42A2BF0DC00D409AB /* Fantasy.swift */,
				CB2AE6B22A2BF03000D409AB /* RealisticFiction.swift */,
				CB2AE6AC2A2BEC7200D409AB /* Identity.swift */,
				CB2AE6C62A2CE13900D409AB /* Black.swift */,
				CB2AE6C82A2CE14400D409AB /* AAPI.swift */,
				CB2AE6CA2A2CE14F00D409AB /* LGBTQ.swift */,
				CB2AE6CC2A2CE15C00D409AB /* Latinx.swift */,
				CB2AE6CE2A2CE16C00D409AB /* Indigenous.swift */,
				CB2AE6B02A2BEC9400D409AB /* Resources.swift */,
				CB2AE6C42A2C299900D409AB /* RandomBook.swift */,
				CB2AE69E2A2BDEA200D409AB /* Assets.xcassets */,
				CB2AE6A02A2BDEA200D409AB /* Preview Content */,
			);
			path = "FInal Project";
			sourceTree = "<group>";
		};
		CB2AE6A02A2BDEA200D409AB /* Preview Content */ = {
			isa = PBXGroup;
			children = (
				CB2AE6A12A2BDEA200D409AB /* Preview Assets.xcassets */,
			);
			path = "Preview Content";
			sourceTree = "<group>";
		};
/* End PBXGroup section */

/* Begin PBXNativeTarget section */
		CB2AE6962A2BDE9F00D409AB /* FInal Project */ = {
			isa = PBXNativeTarget;
			buildConfigurationList = CB2AE6A52A2BDEA200D409AB /* Build configuration list for PBXNativeTarget "FInal Project" */;
			buildPhases = (
				CB2AE6932A2BDE9F00D409AB /* Sources */,
				CB2AE6942A2BDE9F00D409AB /* Frameworks */,
				CB2AE6952A2BDE9F00D409AB /* Resources */,
			);
			buildRules = (
			);
			dependencies = (
			);
			name = "FInal Project";
			productName = "FInal Project";
			productReference = CB2AE6972A2BDE9F00D409AB /* FInal Project.app */;
			productType = "com.apple.product-type.application";
		};
/* End PBXNativeTarget section */

/* Begin PBXProject section */
		CB2AE68F2A2BDE9F00D409AB /* Project object */ = {
			isa = PBXProject;
			attributes = {
				BuildIndependentTargetsInParallel = 1;
				LastSwiftUpdateCheck = 1430;
				LastUpgradeCheck = 1430;
				TargetAttributes = {
					CB2AE6962A2BDE9F00D409AB = {
						CreatedOnToolsVersion = 14.3;
					};
				};
			};
			buildConfigurationList = CB2AE6922A2BDE9F00D409AB /* Build configuration list for PBXProject "FInal Project" */;
			compatibilityVersion = "Xcode 14.0";
			developmentRegion = en;
			hasScannedForEncodings = 0;
			knownRegions = (
				en,
				Base,
			);
			mainGroup = CB2AE68E2A2BDE9F00D409AB;
			productRefGroup = CB2AE6982A2BDE9F00D409AB /* Products */;
			projectDirPath = "";
			projectRoot = "";
			targets = (
				CB2AE6962A2BDE9F00D409AB /* FInal Project */,
			);
		};
/* End PBXProject section */

/* Begin PBXResourcesBuildPhase section */
		CB2AE6952A2BDE9F00D409AB /* Resources */ = {
			isa = PBXResourcesBuildPhase;
			buildActionMask = 2147483647;
			files = (
				CB2AE6A22A2BDEA200D409AB /* Preview Assets.xcassets in Resources */,
				CB2AE69F2A2BDEA200D409AB /* Assets.xcassets in Resources */,
			);
			runOnlyForDeploymentPostprocessing = 0;
		};
/* End PBXResourcesBuildPhase section */

/* Begin PBXSourcesBuildPhase section */
		CB2AE6932A2BDE9F00D409AB /* Sources */ = {
			isa = PBXSourcesBuildPhase;
			buildActionMask = 2147483647;
			files = (
				CB2AE6CD2A2CE15C00D409AB /* Latinx.swift in Sources */,
				CB2AE6CB2A2CE14F00D409AB /* LGBTQ.swift in Sources */,
				CB2AE6B72A2BF0F000D409AB /* Nonfiction.swift in Sources */,
				CB2AE6B32A2BF03000D409AB /* RealisticFiction.swift in Sources */,
				CB2AE6C92A2CE14400D409AB /* AAPI.swift in Sources */,
				CB2AE6AB2A2BEC6500D409AB /* Genre.swift in Sources */,
				CB2AE69D2A2BDE9F00D409AB /* ContentView.swift in Sources */,
				CB2AE6B12A2BEC9400D409AB /* Resources.swift in Sources */,
				CB2AE6BD2A2BF12500D409AB /* HistoricalFiction.swift in Sources */,
				CB2AE6C72A2CE13900D409AB /* Black.swift in Sources */,
				CB2AE69B2A2BDE9F00D409AB /* FInal_ProjectApp.swift in Sources */,
				CB2AE6BB2A2BF11000D409AB /* GraphicNovels.swift in Sources */,
				CB2AE6B52A2BF0DC00D409AB /* Fantasy.swift in Sources */,
				CB2AE6CF2A2CE16C00D409AB /* Indigenous.swift in Sources */,
				CB2AE6BF2A2BF13100D409AB /* Poetry.swift in Sources */,
				CB2AE6C52A2C299900D409AB /* RandomBook.swift in Sources */,
				CB2AE6AD2A2BEC7200D409AB /* Identity.swift in Sources */,
			);
			runOnlyForDeploymentPostprocessing = 0;
		};
/* End PBXSourcesBuildPhase section */

/* Begin XCBuildConfiguration section */
		CB2AE6A32A2BDEA200D409AB /* Debug */ = {
			isa = XCBuildConfiguration;
			buildSettings = {
				ALWAYS_SEARCH_USER_PATHS = NO;
				CLANG_ANALYZER_NONNULL = YES;
				CLANG_ANALYZER_NUMBER_OBJECT_CONVERSION = YES_AGGRESSIVE;
				CLANG_CXX_LANGUAGE_STANDARD = "gnu++20";
				CLANG_ENABLE_MODULES = YES;
				CLANG_ENABLE_OBJC_ARC = YES;
				CLANG_ENABLE_OBJC_WEAK = YES;
				CLANG_WARN_BLOCK_CAPTURE_AUTORELEASING = YES;
				CLANG_WARN_BOOL_CONVERSION = YES;
				CLANG_WARN_COMMA = YES;
				CLANG_WARN_CONSTANT_CONVERSION = YES;
				CLANG_WARN_DEPRECATED_OBJC_IMPLEMENTATIONS = YES;
				CLANG_WARN_DIRECT_OBJC_ISA_USAGE = YES_ERROR;
				CLANG_WARN_DOCUMENTATION_COMMENTS = YES;
				CLANG_WARN_EMPTY_BODY = YES;
				CLANG_WARN_ENUM_CONVERSION = YES;
				CLANG_WARN_INFINITE_RECURSION = YES;
				CLANG_WARN_INT_CONVERSION = YES;
				CLANG_WARN_NON_LITERAL_NULL_CONVERSION = YES;
				CLANG_WARN_OBJC_IMPLICIT_RETAIN_SELF = YES;
				CLANG_WARN_OBJC_LITERAL_CONVERSION = YES;
				CLANG_WARN_OBJC_ROOT_CLASS = YES_ERROR;
				CLANG_WARN_QUOTED_INCLUDE_IN_FRAMEWORK_HEADER = YES;
				CLANG_WARN_RANGE_LOOP_ANALYSIS = YES;
				CLANG_WARN_STRICT_PROTOTYPES = YES;
				CLANG_WARN_SUSPICIOUS_MOVE = YES;
				CLANG_WARN_UNGUARDED_AVAILABILITY = YES_AGGRESSIVE;
				CLANG_WARN_UNREACHABLE_CODE = YES;
				CLANG_WARN__DUPLICATE_METHOD_MATCH = YES;
				COPY_PHASE_STRIP = NO;
				DEBUG_INFORMATION_FORMAT = dwarf;
				ENABLE_STRICT_OBJC_MSGSEND = YES;
				ENABLE_TESTABILITY = YES;
				GCC_C_LANGUAGE_STANDARD = gnu11;
				GCC_DYNAMIC_NO_PIC = NO;
				GCC_NO_COMMON_BLOCKS = YES;
				GCC_OPTIMIZATION_LEVEL = 0;
				GCC_PREPROCESSOR_DEFINITIONS = (
					"DEBUG=1",
					"$(inherited)",
				);
				GCC_WARN_64_TO_32_BIT_CONVERSION = YES;
				GCC_WARN_ABOUT_RETURN_TYPE = YES_ERROR;
				GCC_WARN_UNDECLARED_SELECTOR = YES;
				GCC_WARN_UNINITIALIZED_AUTOS = YES_AGGRESSIVE;
				GCC_WARN_UNUSED_FUNCTION = YES;
				GCC_WARN_UNUSED_VARIABLE = YES;
				IPHONEOS_DEPLOYMENT_TARGET = 16.4;
				MTL_ENABLE_DEBUG_INFO = INCLUDE_SOURCE;
				MTL_FAST_MATH = YES;
				ONLY_ACTIVE_ARCH = YES;
				SDKROOT = iphoneos;
				SWIFT_ACTIVE_COMPILATION_CONDITIONS = DEBUG;
				SWIFT_OPTIMIZATION_LEVEL = "-Onone";
			};
			name = Debug;
		};
		CB2AE6A42A2BDEA200D409AB /* Release */ = {
			isa = XCBuildConfiguration;
			buildSettings = {
				ALWAYS_SEARCH_USER_PATHS = NO;
				CLANG_ANALYZER_NONNULL = YES;
				CLANG_ANALYZER_NUMBER_OBJECT_CONVERSION = YES_AGGRESSIVE;
				CLANG_CXX_LANGUAGE_STANDARD = "gnu++20";
				CLANG_ENABLE_MODULES = YES;
				CLANG_ENABLE_OBJC_ARC = YES;
				CLANG_ENABLE_OBJC_WEAK = YES;
				CLANG_WARN_BLOCK_CAPTURE_AUTORELEASING = YES;
				CLANG_WARN_BOOL_CONVERSION = YES;
				CLANG_WARN_COMMA = YES;
				CLANG_WARN_CONSTANT_CONVERSION = YES;
				CLANG_WARN_DEPRECATED_OBJC_IMPLEMENTATIONS = YES;
				CLANG_WARN_DIRECT_OBJC_ISA_USAGE = YES_ERROR;
				CLANG_WARN_DOCUMENTATION_COMMENTS = YES;
				CLANG_WARN_EMPTY_BODY = YES;
				CLANG_WARN_ENUM_CONVERSION = YES;
				CLANG_WARN_INFINITE_RECURSION = YES;
				CLANG_WARN_INT_CONVERSION = YES;
				CLANG_WARN_NON_LITERAL_NULL_CONVERSION = YES;
				CLANG_WARN_OBJC_IMPLICIT_RETAIN_SELF = YES;
				CLANG_WARN_OBJC_LITERAL_CONVERSION = YES;
				CLANG_WARN_OBJC_ROOT_CLASS = YES_ERROR;
				CLANG_WARN_QUOTED_INCLUDE_IN_FRAMEWORK_HEADER = YES;
				CLANG_WARN_RANGE_LOOP_ANALYSIS = YES;
				CLANG_WARN_STRICT_PROTOTYPES = YES;
				CLANG_WARN_SUSPICIOUS_MOVE = YES;
				CLANG_WARN_UNGUARDED_AVAILABILITY = YES_AGGRESSIVE;
				CLANG_WARN_UNREACHABLE_CODE = YES;
				CLANG_WARN__DUPLICATE_METHOD_MATCH = YES;
				COPY_PHASE_STRIP = NO;
				DEBUG_INFORMATION_FORMAT = "dwarf-with-dsym";
				ENABLE_NS_ASSERTIONS = NO;
				ENABLE_STRICT_OBJC_MSGSEND = YES;
				GCC_C_LANGUAGE_STANDARD = gnu11;
				GCC_NO_COMMON_BLOCKS = YES;
				GCC_WARN_64_TO_32_BIT_CONVERSION = YES;
				GCC_WARN_ABOUT_RETURN_TYPE = YES_ERROR;
				GCC_WARN_UNDECLARED_SELECTOR = YES;
				GCC_WARN_UNINITIALIZED_AUTOS = YES_AGGRESSIVE;
				GCC_WARN_UNUSED_FUNCTION = YES;
				GCC_WARN_UNUSED_VARIABLE = YES;
				IPHONEOS_DEPLOYMENT_TARGET = 16.4;
				MTL_ENABLE_DEBUG_INFO = NO;
				MTL_FAST_MATH = YES;
				SDKROOT = iphoneos;
				SWIFT_COMPILATION_MODE = wholemodule;
				SWIFT_OPTIMIZATION_LEVEL = "-O";
				VALIDATE_PRODUCT = YES;
			};
			name = Release;
		};
		CB2AE6A62A2BDEA200D409AB /* Debug */ = {
			isa = XCBuildConfiguration;
			buildSettings = {
				ASSETCATALOG_COMPILER_APPICON_NAME = AppIcon;
				ASSETCATALOG_COMPILER_GLOBAL_ACCENT_COLOR_NAME = AccentColor;
				CODE_SIGN_STYLE = Automatic;
				CURRENT_PROJECT_VERSION = 1;
				DEVELOPMENT_ASSET_PATHS = "\"FInal Project/Preview Content\"";
				DEVELOPMENT_TEAM = X3WVV829PD;
				ENABLE_PREVIEWS = YES;
				GENERATE_INFOPLIST_FILE = YES;
				INFOPLIST_KEY_UIApplicationSceneManifest_Generation = YES;
				INFOPLIST_KEY_UIApplicationSupportsIndirectInputEvents = YES;
				INFOPLIST_KEY_UILaunchScreen_Generation = YES;
				INFOPLIST_KEY_UISupportedInterfaceOrientations_iPad = "UIInterfaceOrientationPortrait UIInterfaceOrientationPortraitUpsideDown UIInterfaceOrientationLandscapeLeft UIInterfaceOrientationLandscapeRight";
				INFOPLIST_KEY_UISupportedInterfaceOrientations_iPhone = "UIInterfaceOrientationPortrait UIInterfaceOrientationLandscapeLeft UIInterfaceOrientationLandscapeRight";
				LD_RUNPATH_SEARCH_PATHS = (
					"$(inherited)",
					"@executable_path/Frameworks",
				);
				MARKETING_VERSION = 1.0;
				PRODUCT_BUNDLE_IDENTIFIER = "kwk.FInal-Project";
				PRODUCT_NAME = "$(TARGET_NAME)";
				SWIFT_EMIT_LOC_STRINGS = YES;
				SWIFT_VERSION = 5.0;
				TARGETED_DEVICE_FAMILY = "1,2";
			};
			name = Debug;
		};
		CB2AE6A72A2BDEA200D409AB /* Release */ = {
			isa = XCBuildConfiguration;
			buildSettings = {
				ASSETCATALOG_COMPILER_APPICON_NAME = AppIcon;
				ASSETCATALOG_COMPILER_GLOBAL_ACCENT_COLOR_NAME = AccentColor;
				CODE_SIGN_STYLE = Automatic;
				CURRENT_PROJECT_VERSION = 1;
				DEVELOPMENT_ASSET_PATHS = "\"FInal Project/Preview Content\"";
				DEVELOPMENT_TEAM = X3WVV829PD;
				ENABLE_PREVIEWS = YES;
				GENERATE_INFOPLIST_FILE = YES;
				INFOPLIST_KEY_UIApplicationSceneManifest_Generation = YES;
				INFOPLIST_KEY_UIApplicationSupportsIndirectInputEvents = YES;
				INFOPLIST_KEY_UILaunchScreen_Generation = YES;
				INFOPLIST_KEY_UISupportedInterfaceOrientations_iPad = "UIInterfaceOrientationPortrait UIInterfaceOrientationPortraitUpsideDown UIInterfaceOrientationLandscapeLeft UIInterfaceOrientationLandscapeRight";
				INFOPLIST_KEY_UISupportedInterfaceOrientations_iPhone = "UIInterfaceOrientationPortrait UIInterfaceOrientationLandscapeLeft UIInterfaceOrientationLandscapeRight";
				LD_RUNPATH_SEARCH_PATHS = (
					"$(inherited)",
					"@executable_path/Frameworks",
				);
				MARKETING_VERSION = 1.0;
				PRODUCT_BUNDLE_IDENTIFIER = "kwk.FInal-Project";
				PRODUCT_NAME = "$(TARGET_NAME)";
				SWIFT_EMIT_LOC_STRINGS = YES;
				SWIFT_VERSION = 5.0;
				TARGETED_DEVICE_FAMILY = "1,2";
			};
			name = Release;
		};
/* End XCBuildConfiguration section */

/* Begin XCConfigurationList section */
		CB2AE6922A2BDE9F00D409AB /* Build configuration list for PBXProject "FInal Project" */ = {
			isa = XCConfigurationList;
			buildConfigurations = (
				CB2AE6A32A2BDEA200D409AB /* Debug */,
				CB2AE6A42A2BDEA200D409AB /* Release */,
			);
			defaultConfigurationIsVisible = 0;
			defaultConfigurationName = Release;
		};
		CB2AE6A52A2BDEA200D409AB /* Build configuration list for PBXNativeTarget "FInal Project" */ = {
			isa = XCConfigurationList;
			buildConfigurations = (
				CB2AE6A62A2BDEA200D409AB /* Debug */,
				CB2AE6A72A2BDEA200D409AB /* Release */,
			);
			defaultConfigurationIsVisible = 0;
			defaultConfigurationName = Release;
		};
/* End XCConfigurationList section */
	};
	rootObject = CB2AE68F2A2BDE9F00D409AB /* Project object */;
}
